// !$*UTF8*$!
{
	archiveVersion = 1;
	classes = {
	};
	objectVersion = 50;
	objects = {

/* Begin PBXBuildFile section */
		3DACE6C229004D8D00258D6F /* Louis George Cafe Light.ttf in Resources */ = {isa = PBXBuildFile; fileRef = 3DACE6BB29004D8C00258D6F /* Louis George Cafe Light.ttf */; };
		3DACE6C329004D8D00258D6F /* Louis George Cafe Bold Italic.ttf in Resources */ = {isa = PBXBuildFile; fileRef = 3DACE6BC29004D8C00258D6F /* Louis George Cafe Bold Italic.ttf */; };
		3DACE6C429004D8D00258D6F /* Louis George Cafe Bold.ttf in Resources */ = {isa = PBXBuildFile; fileRef = 3DACE6BD29004D8C00258D6F /* Louis George Cafe Bold.ttf */; };
		3DACE6C529004D8D00258D6F /* Louis George Cafe.ttf in Resources */ = {isa = PBXBuildFile; fileRef = 3DACE6BE29004D8C00258D6F /* Louis George Cafe.ttf */; };
		3DACE6C629004D8D00258D6F /* Louis George Cafe Italic.ttf in Resources */ = {isa = PBXBuildFile; fileRef = 3DACE6BF29004D8C00258D6F /* Louis George Cafe Italic.ttf */; };
		3DACE6C729004D8D00258D6F /* Louis George Café.png in Resources */ = {isa = PBXBuildFile; fileRef = 3DACE6C029004D8C00258D6F /* Louis George Café.png */; };
		3DACE6C829004D8D00258D6F /* Louis George Cafe Light Italic.ttf in Resources */ = {isa = PBXBuildFile; fileRef = 3DACE6C129004D8D00258D6F /* Louis George Cafe Light Italic.ttf */; };
		3DACE6E0290050D100258D6F /* EastmanRomanTrial-Black.otf in Resources */ = {isa = PBXBuildFile; fileRef = 3DACE6D22900501500258D6F /* EastmanRomanTrial-Black.otf */; };
		3DACE6E1290050D100258D6F /* EastmanRomanTrial-BlackItalic.otf in Resources */ = {isa = PBXBuildFile; fileRef = 3DACE6CD2900501400258D6F /* EastmanRomanTrial-BlackItalic.otf */; };
		3DACE6E2290050D100258D6F /* EastmanRomanTrial-Bold.otf in Resources */ = {isa = PBXBuildFile; fileRef = 3DACE6DB2900501600258D6F /* EastmanRomanTrial-Bold.otf */; };
		3DACE6E3290050D100258D6F /* EastmanRomanTrial-BoldItalic.otf in Resources */ = {isa = PBXBuildFile; fileRef = 3DACE6DF2900501600258D6F /* EastmanRomanTrial-BoldItalic.otf */; };
		3DACE6E4290050D100258D6F /* EastmanRomanTrial-DemiBold.otf in Resources */ = {isa = PBXBuildFile; fileRef = 3DACE6DD2900501600258D6F /* EastmanRomanTrial-DemiBold.otf */; };
		3DACE6E5290050D100258D6F /* EastmanRomanTrial-DemiBoldItalic.otf in Resources */ = {isa = PBXBuildFile; fileRef = 3DACE6CF2900501500258D6F /* EastmanRomanTrial-DemiBoldItalic.otf */; };
		3DACE6E6290050D100258D6F /* EastmanRomanTrial-Extrabold.otf in Resources */ = {isa = PBXBuildFile; fileRef = 3DACE6DE2900501600258D6F /* EastmanRomanTrial-Extrabold.otf */; };
		3DACE6E7290050D100258D6F /* EastmanRomanTrial-ExtraboldItalic.otf in Resources */ = {isa = PBXBuildFile; fileRef = 3DACE6D42900501500258D6F /* EastmanRomanTrial-ExtraboldItalic.otf */; };
		3DACE6E8290050D100258D6F /* EastmanRomanTrial-Extralight.otf in Resources */ = {isa = PBXBuildFile; fileRef = 3DACE6D32900501500258D6F /* EastmanRomanTrial-Extralight.otf */; };
		3DACE6E9290050D100258D6F /* EastmanRomanTrial-ExtralightItalic.otf in Resources */ = {isa = PBXBuildFile; fileRef = 3DACE6CE2900501400258D6F /* EastmanRomanTrial-ExtralightItalic.otf */; };
		3DACE6EA290050D100258D6F /* EastmanRomanTrial-Heavy.otf in Resources */ = {isa = PBXBuildFile; fileRef = 3DACE6D52900501500258D6F /* EastmanRomanTrial-Heavy.otf */; };
		3DACE6EB290050D100258D6F /* EastmanRomanTrial-HeavyItalic.otf in Resources */ = {isa = PBXBuildFile; fileRef = 3DACE6D62900501500258D6F /* EastmanRomanTrial-HeavyItalic.otf */; };
		3DACE6EC290050D100258D6F /* EastmanRomanTrial-Italic.otf in Resources */ = {isa = PBXBuildFile; fileRef = 3DACE6D72900501500258D6F /* EastmanRomanTrial-Italic.otf */; };
		3DACE6ED290050D100258D6F /* EastmanRomanTrial-Light.otf in Resources */ = {isa = PBXBuildFile; fileRef = 3DACE6D92900501500258D6F /* EastmanRomanTrial-Light.otf */; };
		3DACE6EE290050D100258D6F /* EastmanRomanTrial-LightItalic.otf in Resources */ = {isa = PBXBuildFile; fileRef = 3DACE6D12900501500258D6F /* EastmanRomanTrial-LightItalic.otf */; };
		3DACE6EF290050D100258D6F /* EastmanRomanTrial-Medium.otf in Resources */ = {isa = PBXBuildFile; fileRef = 3DACE6CA2900501400258D6F /* EastmanRomanTrial-Medium.otf */; };
		3DACE6F0290050D100258D6F /* EastmanRomanTrial-MediumItalic.otf in Resources */ = {isa = PBXBuildFile; fileRef = 3DACE6D82900501500258D6F /* EastmanRomanTrial-MediumItalic.otf */; };
		3DACE6F1290050D100258D6F /* EastmanRomanTrial-Regular.otf in Resources */ = {isa = PBXBuildFile; fileRef = 3DACE6CB2900501400258D6F /* EastmanRomanTrial-Regular.otf */; };
		3DACE6F2290050D100258D6F /* EastmanRomanTrial-RegularOffset.otf in Resources */ = {isa = PBXBuildFile; fileRef = 3DACE6DC2900501600258D6F /* EastmanRomanTrial-RegularOffset.otf */; };
		3DACE6F3290050D100258D6F /* EastmanRomanTrial-RegularOffsetItalic.otf in Resources */ = {isa = PBXBuildFile; fileRef = 3DACE6CC2900501400258D6F /* EastmanRomanTrial-RegularOffsetItalic.otf */; };
		3DACE6F4290050D100258D6F /* EastmanRomanTrial-Thin.otf in Resources */ = {isa = PBXBuildFile; fileRef = 3DACE6DA2900501500258D6F /* EastmanRomanTrial-Thin.otf */; };
		3DACE6F5290050D100258D6F /* EastmanRomanTrial-ThinItalic.otf in Resources */ = {isa = PBXBuildFile; fileRef = 3DACE6D02900501500258D6F /* EastmanRomanTrial-ThinItalic.otf */; };
		3DACE6F6290050D100258D6F /* Provicali.otf in Resources */ = {isa = PBXBuildFile; fileRef = 3DACE6C929004DA000258D6F /* Provicali.otf */; };
		3DC0C2E928EC8E24006F1CCE /* ArtistasController.swift in Sources */ = {isa = PBXBuildFile; fileRef = 3DC0C2E828EC8E24006F1CCE /* ArtistasController.swift */; };
		3DC0C2EB28EC8FE5006F1CCE /* Artista.swift in Sources */ = {isa = PBXBuildFile; fileRef = 3DC0C2EA28EC8FE5006F1CCE /* Artista.swift */; };
		3DC0C2ED28EC9268006F1CCE /* CeldaArtistaController.swift in Sources */ = {isa = PBXBuildFile; fileRef = 3DC0C2EC28EC9268006F1CCE /* CeldaArtistaController.swift */; };
		3DC6B6FC28E5F32D00546296 /* AppDelegate.swift in Sources */ = {isa = PBXBuildFile; fileRef = 3DC6B6FB28E5F32D00546296 /* AppDelegate.swift */; };
		3DC6B6FE28E5F32D00546296 /* ViewController.swift in Sources */ = {isa = PBXBuildFile; fileRef = 3DC6B6FD28E5F32D00546296 /* ViewController.swift */; };
		3DC6B70128E5F32D00546296 /* Main.storyboard in Resources */ = {isa = PBXBuildFile; fileRef = 3DC6B6FF28E5F32D00546296 /* Main.storyboard */; };
		3DC6B70328E5F33700546296 /* Assets.xcassets in Resources */ = {isa = PBXBuildFile; fileRef = 3DC6B70228E5F33700546296 /* Assets.xcassets */; };
		3DC6B70628E5F33700546296 /* LaunchScreen.storyboard in Resources */ = {isa = PBXBuildFile; fileRef = 3DC6B70428E5F33700546296 /* LaunchScreen.storyboard */; };
		3DC6B71128E5F33700546296 /* ProyectoParcial2Tests.swift in Sources */ = {isa = PBXBuildFile; fileRef = 3DC6B71028E5F33700546296 /* ProyectoParcial2Tests.swift */; };
		3DC6B71C28E5F33700546296 /* ProyectoParcial2UITests.swift in Sources */ = {isa = PBXBuildFile; fileRef = 3DC6B71B28E5F33700546296 /* ProyectoParcial2UITests.swift */; };
		3DC6C31128EF27700040265E /* DetallesArtista.swift in Sources */ = {isa = PBXBuildFile; fileRef = 3DC6C31028EF27700040265E /* DetallesArtista.swift */; };
		3DC6C31328EF2AC00040265E /* CeldaCancionController.swift in Sources */ = {isa = PBXBuildFile; fileRef = 3DC6C31228EF2AC00040265E /* CeldaCancionController.swift */; };
		3DC6C31528EF2AF00040265E /* Cancion.swift in Sources */ = {isa = PBXBuildFile; fileRef = 3DC6C31428EF2AF00040265E /* Cancion.swift */; };
/* End PBXBuildFile section */

/* Begin PBXContainerItemProxy section */
		3DC6B70D28E5F33700546296 /* PBXContainerItemProxy */ = {
			isa = PBXContainerItemProxy;
			containerPortal = 3DC6B6F028E5F32D00546296 /* Project object */;
			proxyType = 1;
			remoteGlobalIDString = 3DC6B6F728E5F32D00546296;
			remoteInfo = ProyectoParcial2;
		};
		3DC6B71828E5F33700546296 /* PBXContainerItemProxy */ = {
			isa = PBXContainerItemProxy;
			containerPortal = 3DC6B6F028E5F32D00546296 /* Project object */;
			proxyType = 1;
			remoteGlobalIDString = 3DC6B6F728E5F32D00546296;
			remoteInfo = ProyectoParcial2;
		};
/* End PBXContainerItemProxy section */

/* Begin PBXFileReference section */
		3DACE6BB29004D8C00258D6F /* Louis George Cafe Light.ttf */ = {isa = PBXFileReference; lastKnownFileType = file; name = "Louis George Cafe Light.ttf"; path = "../../../Downloads/louis_george_caf/Louis George Cafe Light.ttf"; sourceTree = "<group>"; };
		3DACE6BC29004D8C00258D6F /* Louis George Cafe Bold Italic.ttf */ = {isa = PBXFileReference; lastKnownFileType = file; name = "Louis George Cafe Bold Italic.ttf"; path = "../../../Downloads/louis_george_caf/Louis George Cafe Bold Italic.ttf"; sourceTree = "<group>"; };
		3DACE6BD29004D8C00258D6F /* Louis George Cafe Bold.ttf */ = {isa = PBXFileReference; lastKnownFileType = file; name = "Louis George Cafe Bold.ttf"; path = "../../../Downloads/louis_george_caf/Louis George Cafe Bold.ttf"; sourceTree = "<group>"; };
		3DACE6BE29004D8C00258D6F /* Louis George Cafe.ttf */ = {isa = PBXFileReference; lastKnownFileType = file; name = "Louis George Cafe.ttf"; path = "../../../Downloads/louis_george_caf/Louis George Cafe.ttf"; sourceTree = "<group>"; };
		3DACE6BF29004D8C00258D6F /* Louis George Cafe Italic.ttf */ = {isa = PBXFileReference; lastKnownFileType = file; name = "Louis George Cafe Italic.ttf"; path = "../../../Downloads/louis_george_caf/Louis George Cafe Italic.ttf"; sourceTree = "<group>"; };
		3DACE6C029004D8C00258D6F /* Louis George Café.png */ = {isa = PBXFileReference; lastKnownFileType = image.png; name = "Louis George Café.png"; path = "../../../Downloads/louis_george_caf/Louis George Café.png"; sourceTree = "<group>"; };
		3DACE6C129004D8D00258D6F /* Louis George Cafe Light Italic.ttf */ = {isa = PBXFileReference; lastKnownFileType = file; name = "Louis George Cafe Light Italic.ttf"; path = "../../../Downloads/louis_george_caf/Louis George Cafe Light Italic.ttf"; sourceTree = "<group>"; };
		3DACE6C929004DA000258D6F /* Provicali.otf */ = {isa = PBXFileReference; lastKnownFileType = file; name = Provicali.otf; path = ../../../Downloads/provicali/Provicali.otf; sourceTree = "<group>"; };
		3DACE6CA2900501400258D6F /* EastmanRomanTrial-Medium.otf */ = {isa = PBXFileReference; lastKnownFileType = file; name = "EastmanRomanTrial-Medium.otf"; path = "../../../Downloads/eastman/EastmanRomanTrial-Medium.otf"; sourceTree = "<group>"; };
		3DACE6CB2900501400258D6F /* EastmanRomanTrial-Regular.otf */ = {isa = PBXFileReference; lastKnownFileType = file; name = "EastmanRomanTrial-Regular.otf"; path = "../../../Downloads/eastman/EastmanRomanTrial-Regular.otf"; sourceTree = "<group>"; };
		3DACE6CC2900501400258D6F /* EastmanRomanTrial-RegularOffsetItalic.otf */ = {isa = PBXFileReference; lastKnownFileType = file; name = "EastmanRomanTrial-RegularOffsetItalic.otf"; path = "../../../Downloads/eastman/EastmanRomanTrial-RegularOffsetItalic.otf"; sourceTree = "<group>"; };
		3DACE6CD2900501400258D6F /* EastmanRomanTrial-BlackItalic.otf */ = {isa = PBXFileReference; lastKnownFileType = file; name = "EastmanRomanTrial-BlackItalic.otf"; path = "../../../Downloads/eastman/EastmanRomanTrial-BlackItalic.otf"; sourceTree = "<group>"; };
		3DACE6CE2900501400258D6F /* EastmanRomanTrial-ExtralightItalic.otf */ = {isa = PBXFileReference; lastKnownFileType = file; name = "EastmanRomanTrial-ExtralightItalic.otf"; path = "../../../Downloads/eastman/EastmanRomanTrial-ExtralightItalic.otf"; sourceTree = "<group>"; };
		3DACE6CF2900501500258D6F /* EastmanRomanTrial-DemiBoldItalic.otf */ = {isa = PBXFileReference; lastKnownFileType = file; name = "EastmanRomanTrial-DemiBoldItalic.otf"; path = "../../../Downloads/eastman/EastmanRomanTrial-DemiBoldItalic.otf"; sourceTree = "<group>"; };
		3DACE6D02900501500258D6F /* EastmanRomanTrial-ThinItalic.otf */ = {isa = PBXFileReference; lastKnownFileType = file; name = "EastmanRomanTrial-ThinItalic.otf"; path = "../../../Downloads/eastman/EastmanRomanTrial-ThinItalic.otf"; sourceTree = "<group>"; };
		3DACE6D12900501500258D6F /* EastmanRomanTrial-LightItalic.otf */ = {isa = PBXFileReference; lastKnownFileType = file; name = "EastmanRomanTrial-LightItalic.otf"; path = "../../../Downloads/eastman/EastmanRomanTrial-LightItalic.otf"; sourceTree = "<group>"; };
		3DACE6D22900501500258D6F /* EastmanRomanTrial-Black.otf */ = {isa = PBXFileReference; lastKnownFileType = file; name = "EastmanRomanTrial-Black.otf"; path = "../../../Downloads/eastman/EastmanRomanTrial-Black.otf"; sourceTree = "<group>"; };
		3DACE6D32900501500258D6F /* EastmanRomanTrial-Extralight.otf */ = {isa = PBXFileReference; lastKnownFileType = file; name = "EastmanRomanTrial-Extralight.otf"; path = "../../../Downloads/eastman/EastmanRomanTrial-Extralight.otf"; sourceTree = "<group>"; };
		3DACE6D42900501500258D6F /* EastmanRomanTrial-ExtraboldItalic.otf */ = {isa = PBXFileReference; lastKnownFileType = file; name = "EastmanRomanTrial-ExtraboldItalic.otf"; path = "../../../Downloads/eastman/EastmanRomanTrial-ExtraboldItalic.otf"; sourceTree = "<group>"; };
		3DACE6D52900501500258D6F /* EastmanRomanTrial-Heavy.otf */ = {isa = PBXFileReference; lastKnownFileType = file; name = "EastmanRomanTrial-Heavy.otf"; path = "../../../Downloads/eastman/EastmanRomanTrial-Heavy.otf"; sourceTree = "<group>"; };
		3DACE6D62900501500258D6F /* EastmanRomanTrial-HeavyItalic.otf */ = {isa = PBXFileReference; lastKnownFileType = file; name = "EastmanRomanTrial-HeavyItalic.otf"; path = "../../../Downloads/eastman/EastmanRomanTrial-HeavyItalic.otf"; sourceTree = "<group>"; };
		3DACE6D72900501500258D6F /* EastmanRomanTrial-Italic.otf */ = {isa = PBXFileReference; lastKnownFileType = file; name = "EastmanRomanTrial-Italic.otf"; path = "../../../Downloads/eastman/EastmanRomanTrial-Italic.otf"; sourceTree = "<group>"; };
		3DACE6D82900501500258D6F /* EastmanRomanTrial-MediumItalic.otf */ = {isa = PBXFileReference; lastKnownFileType = file; name = "EastmanRomanTrial-MediumItalic.otf"; path = "../../../Downloads/eastman/EastmanRomanTrial-MediumItalic.otf"; sourceTree = "<group>"; };
		3DACE6D92900501500258D6F /* EastmanRomanTrial-Light.otf */ = {isa = PBXFileReference; lastKnownFileType = file; name = "EastmanRomanTrial-Light.otf"; path = "../../../Downloads/eastman/EastmanRomanTrial-Light.otf"; sourceTree = "<group>"; };
		3DACE6DA2900501500258D6F /* EastmanRomanTrial-Thin.otf */ = {isa = PBXFileReference; lastKnownFileType = file; name = "EastmanRomanTrial-Thin.otf"; path = "../../../Downloads/eastman/EastmanRomanTrial-Thin.otf"; sourceTree = "<group>"; };
		3DACE6DB2900501600258D6F /* EastmanRomanTrial-Bold.otf */ = {isa = PBXFileReference; lastKnownFileType = file; name = "EastmanRomanTrial-Bold.otf"; path = "../../../Downloads/eastman/EastmanRomanTrial-Bold.otf"; sourceTree = "<group>"; };
		3DACE6DC2900501600258D6F /* EastmanRomanTrial-RegularOffset.otf */ = {isa = PBXFileReference; lastKnownFileType = file; name = "EastmanRomanTrial-RegularOffset.otf"; path = "../../../Downloads/eastman/EastmanRomanTrial-RegularOffset.otf"; sourceTree = "<group>"; };
		3DACE6DD2900501600258D6F /* EastmanRomanTrial-DemiBold.otf */ = {isa = PBXFileReference; lastKnownFileType = file; name = "EastmanRomanTrial-DemiBold.otf"; path = "../../../Downloads/eastman/EastmanRomanTrial-DemiBold.otf"; sourceTree = "<group>"; };
		3DACE6DE2900501600258D6F /* EastmanRomanTrial-Extrabold.otf */ = {isa = PBXFileReference; lastKnownFileType = file; name = "EastmanRomanTrial-Extrabold.otf"; path = "../../../Downloads/eastman/EastmanRomanTrial-Extrabold.otf"; sourceTree = "<group>"; };
		3DACE6DF2900501600258D6F /* EastmanRomanTrial-BoldItalic.otf */ = {isa = PBXFileReference; lastKnownFileType = file; name = "EastmanRomanTrial-BoldItalic.otf"; path = "../../../Downloads/eastman/EastmanRomanTrial-BoldItalic.otf"; sourceTree = "<group>"; };
		3DC0C2E828EC8E24006F1CCE /* ArtistasController.swift */ = {isa = PBXFileReference; lastKnownFileType = sourcecode.swift; path = ArtistasController.swift; sourceTree = "<group>"; };
		3DC0C2EA28EC8FE5006F1CCE /* Artista.swift */ = {isa = PBXFileReference; lastKnownFileType = sourcecode.swift; path = Artista.swift; sourceTree = "<group>"; };
		3DC0C2EC28EC9268006F1CCE /* CeldaArtistaController.swift */ = {isa = PBXFileReference; lastKnownFileType = sourcecode.swift; path = CeldaArtistaController.swift; sourceTree = "<group>"; };
		3DC6B6F828E5F32D00546296 /* ProyectoParcial2.app */ = {isa = PBXFileReference; explicitFileType = wrapper.application; includeInIndex = 0; path = ProyectoParcial2.app; sourceTree = BUILT_PRODUCTS_DIR; };
		3DC6B6FB28E5F32D00546296 /* AppDelegate.swift */ = {isa = PBXFileReference; lastKnownFileType = sourcecode.swift; path = AppDelegate.swift; sourceTree = "<group>"; };
		3DC6B6FD28E5F32D00546296 /* ViewController.swift */ = {isa = PBXFileReference; lastKnownFileType = sourcecode.swift; path = ViewController.swift; sourceTree = "<group>"; };
		3DC6B70028E5F32D00546296 /* Base */ = {isa = PBXFileReference; lastKnownFileType = file.storyboard; name = Base; path = Base.lproj/Main.storyboard; sourceTree = "<group>"; };
		3DC6B70228E5F33700546296 /* Assets.xcassets */ = {isa = PBXFileReference; lastKnownFileType = folder.assetcatalog; path = Assets.xcassets; sourceTree = "<group>"; };
		3DC6B70528E5F33700546296 /* Base */ = {isa = PBXFileReference; lastKnownFileType = file.storyboard; name = Base; path = Base.lproj/LaunchScreen.storyboard; sourceTree = "<group>"; };
		3DC6B70728E5F33700546296 /* Info.plist */ = {isa = PBXFileReference; lastKnownFileType = text.plist.xml; path = Info.plist; sourceTree = "<group>"; };
		3DC6B70C28E5F33700546296 /* ProyectoParcial2Tests.xctest */ = {isa = PBXFileReference; explicitFileType = wrapper.cfbundle; includeInIndex = 0; path = ProyectoParcial2Tests.xctest; sourceTree = BUILT_PRODUCTS_DIR; };
		3DC6B71028E5F33700546296 /* ProyectoParcial2Tests.swift */ = {isa = PBXFileReference; lastKnownFileType = sourcecode.swift; path = ProyectoParcial2Tests.swift; sourceTree = "<group>"; };
		3DC6B71228E5F33700546296 /* Info.plist */ = {isa = PBXFileReference; lastKnownFileType = text.plist.xml; path = Info.plist; sourceTree = "<group>"; };
		3DC6B71728E5F33700546296 /* ProyectoParcial2UITests.xctest */ = {isa = PBXFileReference; explicitFileType = wrapper.cfbundle; includeInIndex = 0; path = ProyectoParcial2UITests.xctest; sourceTree = BUILT_PRODUCTS_DIR; };
		3DC6B71B28E5F33700546296 /* ProyectoParcial2UITests.swift */ = {isa = PBXFileReference; lastKnownFileType = sourcecode.swift; path = ProyectoParcial2UITests.swift; sourceTree = "<group>"; };
		3DC6B71D28E5F33700546296 /* Info.plist */ = {isa = PBXFileReference; lastKnownFileType = text.plist.xml; path = Info.plist; sourceTree = "<group>"; };
		3DC6C31028EF27700040265E /* DetallesArtista.swift */ = {isa = PBXFileReference; lastKnownFileType = sourcecode.swift; path = DetallesArtista.swift; sourceTree = "<group>"; };
		3DC6C31228EF2AC00040265E /* CeldaCancionController.swift */ = {isa = PBXFileReference; lastKnownFileType = sourcecode.swift; path = CeldaCancionController.swift; sourceTree = "<group>"; };
		3DC6C31428EF2AF00040265E /* Cancion.swift */ = {isa = PBXFileReference; lastKnownFileType = sourcecode.swift; path = Cancion.swift; sourceTree = "<group>"; };
/* End PBXFileReference section */

/* Begin PBXFrameworksBuildPhase section */
		3DC6B6F528E5F32D00546296 /* Frameworks */ = {
			isa = PBXFrameworksBuildPhase;
			buildActionMask = 2147483647;
			files = (
			);
			runOnlyForDeploymentPostprocessing = 0;
		};
		3DC6B70928E5F33700546296 /* Frameworks */ = {
			isa = PBXFrameworksBuildPhase;
			buildActionMask = 2147483647;
			files = (
			);
			runOnlyForDeploymentPostprocessing = 0;
		};
		3DC6B71428E5F33700546296 /* Frameworks */ = {
			isa = PBXFrameworksBuildPhase;
			buildActionMask = 2147483647;
			files = (
			);
			runOnlyForDeploymentPostprocessing = 0;
		};
/* End PBXFrameworksBuildPhase section */

/* Begin PBXGroup section */
		3DC6B6EF28E5F32C00546296 = {
			isa = PBXGroup;
			children = (
				3DC6B6FA28E5F32D00546296 /* ProyectoParcial2 */,
				3DC6B70F28E5F33700546296 /* ProyectoParcial2Tests */,
				3DC6B71A28E5F33700546296 /* ProyectoParcial2UITests */,
				3DC6B6F928E5F32D00546296 /* Products */,
			);
			sourceTree = "<group>";
		};
		3DC6B6F928E5F32D00546296 /* Products */ = {
			isa = PBXGroup;
			children = (
				3DC6B6F828E5F32D00546296 /* ProyectoParcial2.app */,
				3DC6B70C28E5F33700546296 /* ProyectoParcial2Tests.xctest */,
				3DC6B71728E5F33700546296 /* ProyectoParcial2UITests.xctest */,
			);
			name = Products;
			sourceTree = "<group>";
		};
		3DC6B6FA28E5F32D00546296 /* ProyectoParcial2 */ = {
			isa = PBXGroup;
			children = (
				3DACE6D22900501500258D6F /* EastmanRomanTrial-Black.otf */,
				3DACE6CD2900501400258D6F /* EastmanRomanTrial-BlackItalic.otf */,
				3DACE6DB2900501600258D6F /* EastmanRomanTrial-Bold.otf */,
				3DACE6DF2900501600258D6F /* EastmanRomanTrial-BoldItalic.otf */,
				3DACE6DD2900501600258D6F /* EastmanRomanTrial-DemiBold.otf */,
				3DACE6CF2900501500258D6F /* EastmanRomanTrial-DemiBoldItalic.otf */,
				3DACE6DE2900501600258D6F /* EastmanRomanTrial-Extrabold.otf */,
				3DACE6D42900501500258D6F /* EastmanRomanTrial-ExtraboldItalic.otf */,
				3DACE6D32900501500258D6F /* EastmanRomanTrial-Extralight.otf */,
				3DACE6CE2900501400258D6F /* EastmanRomanTrial-ExtralightItalic.otf */,
				3DACE6D52900501500258D6F /* EastmanRomanTrial-Heavy.otf */,
				3DACE6D62900501500258D6F /* EastmanRomanTrial-HeavyItalic.otf */,
				3DACE6D72900501500258D6F /* EastmanRomanTrial-Italic.otf */,
				3DACE6D92900501500258D6F /* EastmanRomanTrial-Light.otf */,
				3DACE6D12900501500258D6F /* EastmanRomanTrial-LightItalic.otf */,
				3DACE6CA2900501400258D6F /* EastmanRomanTrial-Medium.otf */,
				3DACE6D82900501500258D6F /* EastmanRomanTrial-MediumItalic.otf */,
				3DACE6CB2900501400258D6F /* EastmanRomanTrial-Regular.otf */,
				3DACE6DC2900501600258D6F /* EastmanRomanTrial-RegularOffset.otf */,
				3DACE6CC2900501400258D6F /* EastmanRomanTrial-RegularOffsetItalic.otf */,
				3DACE6DA2900501500258D6F /* EastmanRomanTrial-Thin.otf */,
				3DACE6D02900501500258D6F /* EastmanRomanTrial-ThinItalic.otf */,
				3DACE6C929004DA000258D6F /* Provicali.otf */,
				3DACE6BC29004D8C00258D6F /* Louis George Cafe Bold Italic.ttf */,
				3DACE6BD29004D8C00258D6F /* Louis George Cafe Bold.ttf */,
				3DACE6BF29004D8C00258D6F /* Louis George Cafe Italic.ttf */,
				3DACE6C129004D8D00258D6F /* Louis George Cafe Light Italic.ttf */,
				3DACE6BB29004D8C00258D6F /* Louis George Cafe Light.ttf */,
				3DACE6C029004D8C00258D6F /* Louis George Café.png */,
				3DACE6BE29004D8C00258D6F /* Louis George Cafe.ttf */,
				3DC6B6FB28E5F32D00546296 /* AppDelegate.swift */,
				3DC6B6FD28E5F32D00546296 /* ViewController.swift */,
				3DC6B6FF28E5F32D00546296 /* Main.storyboard */,
				3DC6B70228E5F33700546296 /* Assets.xcassets */,
				3DC6B70428E5F33700546296 /* LaunchScreen.storyboard */,
				3DC6B70728E5F33700546296 /* Info.plist */,
				3DC0C2E828EC8E24006F1CCE /* ArtistasController.swift */,
				3DC0C2EA28EC8FE5006F1CCE /* Artista.swift */,
				3DC0C2EC28EC9268006F1CCE /* CeldaArtistaController.swift */,
				3DC6C31028EF27700040265E /* DetallesArtista.swift */,
				3DC6C31228EF2AC00040265E /* CeldaCancionController.swift */,
				3DC6C31428EF2AF00040265E /* Cancion.swift */,
			);
			path = ProyectoParcial2;
			sourceTree = "<group>";
		};
		3DC6B70F28E5F33700546296 /* ProyectoParcial2Tests */ = {
			isa = PBXGroup;
			children = (
				3DC6B71028E5F33700546296 /* ProyectoParcial2Tests.swift */,
				3DC6B71228E5F33700546296 /* Info.plist */,
			);
			path = ProyectoParcial2Tests;
			sourceTree = "<group>";
		};
		3DC6B71A28E5F33700546296 /* ProyectoParcial2UITests */ = {
			isa = PBXGroup;
			children = (
				3DC6B71B28E5F33700546296 /* ProyectoParcial2UITests.swift */,
				3DC6B71D28E5F33700546296 /* Info.plist */,
			);
			path = ProyectoParcial2UITests;
			sourceTree = "<group>";
		};
/* End PBXGroup section */

/* Begin PBXNativeTarget section */
		3DC6B6F728E5F32D00546296 /* ProyectoParcial2 */ = {
			isa = PBXNativeTarget;
			buildConfigurationList = 3DC6B72028E5F33700546296 /* Build configuration list for PBXNativeTarget "ProyectoParcial2" */;
			buildPhases = (
				3DC6B6F428E5F32D00546296 /* Sources */,
				3DC6B6F528E5F32D00546296 /* Frameworks */,
				3DC6B6F628E5F32D00546296 /* Resources */,
			);
			buildRules = (
			);
			dependencies = (
			);
			name = ProyectoParcial2;
			productName = ProyectoParcial2;
			productReference = 3DC6B6F828E5F32D00546296 /* ProyectoParcial2.app */;
			productType = "com.apple.product-type.application";
		};
		3DC6B70B28E5F33700546296 /* ProyectoParcial2Tests */ = {
			isa = PBXNativeTarget;
			buildConfigurationList = 3DC6B72328E5F33700546296 /* Build configuration list for PBXNativeTarget "ProyectoParcial2Tests" */;
			buildPhases = (
				3DC6B70828E5F33700546296 /* Sources */,
				3DC6B70928E5F33700546296 /* Frameworks */,
				3DC6B70A28E5F33700546296 /* Resources */,
			);
			buildRules = (
			);
			dependencies = (
				3DC6B70E28E5F33700546296 /* PBXTargetDependency */,
			);
			name = ProyectoParcial2Tests;
			productName = ProyectoParcial2Tests;
			productReference = 3DC6B70C28E5F33700546296 /* ProyectoParcial2Tests.xctest */;
			productType = "com.apple.product-type.bundle.unit-test";
		};
		3DC6B71628E5F33700546296 /* ProyectoParcial2UITests */ = {
			isa = PBXNativeTarget;
			buildConfigurationList = 3DC6B72628E5F33700546296 /* Build configuration list for PBXNativeTarget "ProyectoParcial2UITests" */;
			buildPhases = (
				3DC6B71328E5F33700546296 /* Sources */,
				3DC6B71428E5F33700546296 /* Frameworks */,
				3DC6B71528E5F33700546296 /* Resources */,
			);
			buildRules = (
			);
			dependencies = (
				3DC6B71928E5F33700546296 /* PBXTargetDependency */,
			);
			name = ProyectoParcial2UITests;
			productName = ProyectoParcial2UITests;
			productReference = 3DC6B71728E5F33700546296 /* ProyectoParcial2UITests.xctest */;
			productType = "com.apple.product-type.bundle.ui-testing";
		};
/* End PBXNativeTarget section */

/* Begin PBXProject section */
		3DC6B6F028E5F32D00546296 /* Project object */ = {
			isa = PBXProject;
			attributes = {
				LastSwiftUpdateCheck = 1030;
				LastUpgradeCheck = 1030;
				ORGANIZATIONNAME = Alumno;
				TargetAttributes = {
					3DC6B6F728E5F32D00546296 = {
						CreatedOnToolsVersion = 10.3;
					};
					3DC6B70B28E5F33700546296 = {
						CreatedOnToolsVersion = 10.3;
						TestTargetID = 3DC6B6F728E5F32D00546296;
					};
					3DC6B71628E5F33700546296 = {
						CreatedOnToolsVersion = 10.3;
						TestTargetID = 3DC6B6F728E5F32D00546296;
					};
				};
			};
			buildConfigurationList = 3DC6B6F328E5F32D00546296 /* Build configuration list for PBXProject "ProyectoParcial2" */;
			compatibilityVersion = "Xcode 9.3";
			developmentRegion = en;
			hasScannedForEncodings = 0;
			knownRegions = (
				en,
				Base,
			);
			mainGroup = 3DC6B6EF28E5F32C00546296;
			productRefGroup = 3DC6B6F928E5F32D00546296 /* Products */;
			projectDirPath = "";
			projectRoot = "";
			targets = (
				3DC6B6F728E5F32D00546296 /* ProyectoParcial2 */,
				3DC6B70B28E5F33700546296 /* ProyectoParcial2Tests */,
				3DC6B71628E5F33700546296 /* ProyectoParcial2UITests */,
			);
		};
/* End PBXProject section */

/* Begin PBXResourcesBuildPhase section */
		3DC6B6F628E5F32D00546296 /* Resources */ = {
			isa = PBXResourcesBuildPhase;
			buildActionMask = 2147483647;
			files = (
				3DACE6E5290050D100258D6F /* EastmanRomanTrial-DemiBoldItalic.otf in Resources */,
				3DACE6ED290050D100258D6F /* EastmanRomanTrial-Light.otf in Resources */,
				3DACE6EA290050D100258D6F /* EastmanRomanTrial-Heavy.otf in Resources */,
				3DACE6EB290050D100258D6F /* EastmanRomanTrial-HeavyItalic.otf in Resources */,
				3DACE6E3290050D100258D6F /* EastmanRomanTrial-BoldItalic.otf in Resources */,
				3DACE6E0290050D100258D6F /* EastmanRomanTrial-Black.otf in Resources */,
				3DACE6C529004D8D00258D6F /* Louis George Cafe.ttf in Resources */,
				3DC6B70628E5F33700546296 /* LaunchScreen.storyboard in Resources */,
				3DACE6C829004D8D00258D6F /* Louis George Cafe Light Italic.ttf in Resources */,
				3DACE6F1290050D100258D6F /* EastmanRomanTrial-Regular.otf in Resources */,
				3DACE6E6290050D100258D6F /* EastmanRomanTrial-Extrabold.otf in Resources */,
				3DACE6F0290050D100258D6F /* EastmanRomanTrial-MediumItalic.otf in Resources */,
				3DACE6C729004D8D00258D6F /* Louis George Café.png in Resources */,
				3DACE6C629004D8D00258D6F /* Louis George Cafe Italic.ttf in Resources */,
				3DACE6E1290050D100258D6F /* EastmanRomanTrial-BlackItalic.otf in Resources */,
				3DACE6E9290050D100258D6F /* EastmanRomanTrial-ExtralightItalic.otf in Resources */,
				3DACE6E2290050D100258D6F /* EastmanRomanTrial-Bold.otf in Resources */,
				3DACE6E8290050D100258D6F /* EastmanRomanTrial-Extralight.otf in Resources */,
				3DC6B70328E5F33700546296 /* Assets.xcassets in Resources */,
				3DC6B70128E5F32D00546296 /* Main.storyboard in Resources */,
				3DACE6F3290050D100258D6F /* EastmanRomanTrial-RegularOffsetItalic.otf in Resources */,
				3DACE6F2290050D100258D6F /* EastmanRomanTrial-RegularOffset.otf in Resources */,
				3DACE6EC290050D100258D6F /* EastmanRomanTrial-Italic.otf in Resources */,
				3DACE6E4290050D100258D6F /* EastmanRomanTrial-DemiBold.otf in Resources */,
				3DACE6F6290050D100258D6F /* Provicali.otf in Resources */,
				3DACE6C229004D8D00258D6F /* Louis George Cafe Light.ttf in Resources */,
				3DACE6F4290050D100258D6F /* EastmanRomanTrial-Thin.otf in Resources */,
				3DACE6C329004D8D00258D6F /* Louis George Cafe Bold Italic.ttf in Resources */,
				3DACE6E7290050D100258D6F /* EastmanRomanTrial-ExtraboldItalic.otf in Resources */,
				3DACE6EF290050D100258D6F /* EastmanRomanTrial-Medium.otf in Resources */,
				3DACE6EE290050D100258D6F /* EastmanRomanTrial-LightItalic.otf in Resources */,
				3DACE6F5290050D100258D6F /* EastmanRomanTrial-ThinItalic.otf in Resources */,
				3DACE6C429004D8D00258D6F /* Louis George Cafe Bold.ttf in Resources */,
			);
			runOnlyForDeploymentPostprocessing = 0;
		};
		3DC6B70A28E5F33700546296 /* Resources */ = {
			isa = PBXResourcesBuildPhase;
			buildActionMask = 2147483647;
			files = (
			);
			runOnlyForDeploymentPostprocessing = 0;
		};
		3DC6B71528E5F33700546296 /* Resources */ = {
			isa = PBXResourcesBuildPhase;
			buildActionMask = 2147483647;
			files = (
			);
			runOnlyForDeploymentPostprocessing = 0;
		};
/* End PBXResourcesBuildPhase section */

/* Begin PBXSourcesBuildPhase section */
		3DC6B6F428E5F32D00546296 /* Sources */ = {
			isa = PBXSourcesBuildPhase;
			buildActionMask = 2147483647;
			files = (
				3DC0C2ED28EC9268006F1CCE /* CeldaArtistaController.swift in Sources */,
				3DC0C2EB28EC8FE5006F1CCE /* Artista.swift in Sources */,
				3DC6C31128EF27700040265E /* DetallesArtista.swift in Sources */,
				3DC6C31528EF2AF00040265E /* Cancion.swift in Sources */,
				3DC6B6FE28E5F32D00546296 /* ViewController.swift in Sources */,
				3DC0C2E928EC8E24006F1CCE /* ArtistasController.swift in Sources */,
				3DC6B6FC28E5F32D00546296 /* AppDelegate.swift in Sources */,
				3DC6C31328EF2AC00040265E /* CeldaCancionController.swift in Sources */,
			);
			runOnlyForDeploymentPostprocessing = 0;
		};
		3DC6B70828E5F33700546296 /* Sources */ = {
			isa = PBXSourcesBuildPhase;
			buildActionMask = 2147483647;
			files = (
				3DC6B71128E5F33700546296 /* ProyectoParcial2Tests.swift in Sources */,
			);
			runOnlyForDeploymentPostprocessing = 0;
		};
		3DC6B71328E5F33700546296 /* Sources */ = {
			isa = PBXSourcesBuildPhase;
			buildActionMask = 2147483647;
			files = (
				3DC6B71C28E5F33700546296 /* ProyectoParcial2UITests.swift in Sources */,
			);
			runOnlyForDeploymentPostprocessing = 0;
		};
/* End PBXSourcesBuildPhase section */

/* Begin PBXTargetDependency section */
		3DC6B70E28E5F33700546296 /* PBXTargetDependency */ = {
			isa = PBXTargetDependency;
			target = 3DC6B6F728E5F32D00546296 /* ProyectoParcial2 */;
			targetProxy = 3DC6B70D28E5F33700546296 /* PBXContainerItemProxy */;
		};
		3DC6B71928E5F33700546296 /* PBXTargetDependency */ = {
			isa = PBXTargetDependency;
			target = 3DC6B6F728E5F32D00546296 /* ProyectoParcial2 */;
			targetProxy = 3DC6B71828E5F33700546296 /* PBXContainerItemProxy */;
		};
/* End PBXTargetDependency section */

/* Begin PBXVariantGroup section */
		3DC6B6FF28E5F32D00546296 /* Main.storyboard */ = {
			isa = PBXVariantGroup;
			children = (
				3DC6B70028E5F32D00546296 /* Base */,
			);
			name = Main.storyboard;
			sourceTree = "<group>";
		};
		3DC6B70428E5F33700546296 /* LaunchScreen.storyboard */ = {
			isa = PBXVariantGroup;
			children = (
				3DC6B70528E5F33700546296 /* Base */,
			);
			name = LaunchScreen.storyboard;
			sourceTree = "<group>";
		};
/* End PBXVariantGroup section */

/* Begin XCBuildConfiguration section */
		3DC6B71E28E5F33700546296 /* Debug */ = {
			isa = XCBuildConfiguration;
			buildSettings = {
				ALWAYS_SEARCH_USER_PATHS = NO;
				CLANG_ANALYZER_NONNULL = YES;
				CLANG_ANALYZER_NUMBER_OBJECT_CONVERSION = YES_AGGRESSIVE;
				CLANG_CXX_LANGUAGE_STANDARD = "gnu++14";
				CLANG_CXX_LIBRARY = "libc++";
				CLANG_ENABLE_MODULES = YES;
				CLANG_ENABLE_OBJC_ARC = YES;
				CLANG_ENABLE_OBJC_WEAK = YES;
				CLANG_WARN_BLOCK_CAPTURE_AUTORELEASING = YES;
				CLANG_WARN_BOOL_CONVERSION = YES;
				CLANG_WARN_COMMA = YES;
				CLANG_WARN_CONSTANT_CONVERSION = YES;
				CLANG_WARN_DEPRECATED_OBJC_IMPLEMENTATIONS = YES;
				CLANG_WARN_DIRECT_OBJC_ISA_USAGE = YES_ERROR;
				CLANG_WARN_DOCUMENTATION_COMMENTS = YES;
				CLANG_WARN_EMPTY_BODY = YES;
				CLANG_WARN_ENUM_CONVERSION = YES;
				CLANG_WARN_INFINITE_RECURSION = YES;
				CLANG_WARN_INT_CONVERSION = YES;
				CLANG_WARN_NON_LITERAL_NULL_CONVERSION = YES;
				CLANG_WARN_OBJC_IMPLICIT_RETAIN_SELF = YES;
				CLANG_WARN_OBJC_LITERAL_CONVERSION = YES;
				CLANG_WARN_OBJC_ROOT_CLASS = YES_ERROR;
				CLANG_WARN_RANGE_LOOP_ANALYSIS = YES;
				CLANG_WARN_STRICT_PROTOTYPES = YES;
				CLANG_WARN_SUSPICIOUS_MOVE = YES;
				CLANG_WARN_UNGUARDED_AVAILABILITY = YES_AGGRESSIVE;
				CLANG_WARN_UNREACHABLE_CODE = YES;
				CLANG_WARN__DUPLICATE_METHOD_MATCH = YES;
				CODE_SIGN_IDENTITY = "iPhone Developer";
				COPY_PHASE_STRIP = NO;
				DEBUG_INFORMATION_FORMAT = dwarf;
				ENABLE_STRICT_OBJC_MSGSEND = YES;
				ENABLE_TESTABILITY = YES;
				GCC_C_LANGUAGE_STANDARD = gnu11;
				GCC_DYNAMIC_NO_PIC = NO;
				GCC_NO_COMMON_BLOCKS = YES;
				GCC_OPTIMIZATION_LEVEL = 0;
				GCC_PREPROCESSOR_DEFINITIONS = (
					"DEBUG=1",
					"$(inherited)",
				);
				GCC_WARN_64_TO_32_BIT_CONVERSION = YES;
				GCC_WARN_ABOUT_RETURN_TYPE = YES_ERROR;
				GCC_WARN_UNDECLARED_SELECTOR = YES;
				GCC_WARN_UNINITIALIZED_AUTOS = YES_AGGRESSIVE;
				GCC_WARN_UNUSED_FUNCTION = YES;
				GCC_WARN_UNUSED_VARIABLE = YES;
				IPHONEOS_DEPLOYMENT_TARGET = 12.4;
				MTL_ENABLE_DEBUG_INFO = INCLUDE_SOURCE;
				MTL_FAST_MATH = YES;
				ONLY_ACTIVE_ARCH = YES;
				SDKROOT = iphoneos;
				SWIFT_ACTIVE_COMPILATION_CONDITIONS = DEBUG;
				SWIFT_OPTIMIZATION_LEVEL = "-Onone";
			};
			name = Debug;
		};
		3DC6B71F28E5F33700546296 /* Release */ = {
			isa = XCBuildConfiguration;
			buildSettings = {
				ALWAYS_SEARCH_USER_PATHS = NO;
				CLANG_ANALYZER_NONNULL = YES;
				CLANG_ANALYZER_NUMBER_OBJECT_CONVERSION = YES_AGGRESSIVE;
				CLANG_CXX_LANGUAGE_STANDARD = "gnu++14";
				CLANG_CXX_LIBRARY = "libc++";
				CLANG_ENABLE_MODULES = YES;
				CLANG_ENABLE_OBJC_ARC = YES;
				CLANG_ENABLE_OBJC_WEAK = YES;
				CLANG_WARN_BLOCK_CAPTURE_AUTORELEASING = YES;
				CLANG_WARN_BOOL_CONVERSION = YES;
				CLANG_WARN_COMMA = YES;
				CLANG_WARN_CONSTANT_CONVERSION = YES;
				CLANG_WARN_DEPRECATED_OBJC_IMPLEMENTATIONS = YES;
				CLANG_WARN_DIRECT_OBJC_ISA_USAGE = YES_ERROR;
				CLANG_WARN_DOCUMENTATION_COMMENTS = YES;
				CLANG_WARN_EMPTY_BODY = YES;
				CLANG_WARN_ENUM_CONVERSION = YES;
				CLANG_WARN_INFINITE_RECURSION = YES;
				CLANG_WARN_INT_CONVERSION = YES;
				CLANG_WARN_NON_LITERAL_NULL_CONVERSION = YES;
				CLANG_WARN_OBJC_IMPLICIT_RETAIN_SELF = YES;
				CLANG_WARN_OBJC_LITERAL_CONVERSION = YES;
				CLANG_WARN_OBJC_ROOT_CLASS = YES_ERROR;
				CLANG_WARN_RANGE_LOOP_ANALYSIS = YES;
				CLANG_WARN_STRICT_PROTOTYPES = YES;
				CLANG_WARN_SUSPICIOUS_MOVE = YES;
				CLANG_WARN_UNGUARDED_AVAILABILITY = YES_AGGRESSIVE;
				CLANG_WARN_UNREACHABLE_CODE = YES;
				CLANG_WARN__DUPLICATE_METHOD_MATCH = YES;
				CODE_SIGN_IDENTITY = "iPhone Developer";
				COPY_PHASE_STRIP = NO;
				DEBUG_INFORMATION_FORMAT = "dwarf-with-dsym";
				ENABLE_NS_ASSERTIONS = NO;
				ENABLE_STRICT_OBJC_MSGSEND = YES;
				GCC_C_LANGUAGE_STANDARD = gnu11;
				GCC_NO_COMMON_BLOCKS = YES;
				GCC_WARN_64_TO_32_BIT_CONVERSION = YES;
				GCC_WARN_ABOUT_RETURN_TYPE = YES_ERROR;
				GCC_WARN_UNDECLARED_SELECTOR = YES;
				GCC_WARN_UNINITIALIZED_AUTOS = YES_AGGRESSIVE;
				GCC_WARN_UNUSED_FUNCTION = YES;
				GCC_WARN_UNUSED_VARIABLE = YES;
				IPHONEOS_DEPLOYMENT_TARGET = 12.4;
				MTL_ENABLE_DEBUG_INFO = NO;
				MTL_FAST_MATH = YES;
				SDKROOT = iphoneos;
				SWIFT_COMPILATION_MODE = wholemodule;
				SWIFT_OPTIMIZATION_LEVEL = "-O";
				VALIDATE_PRODUCT = YES;
			};
			name = Release;
		};
		3DC6B72128E5F33700546296 /* Debug */ = {
			isa = XCBuildConfiguration;
			buildSettings = {
				ASSETCATALOG_COMPILER_APPICON_NAME = AppIcon;
				CODE_SIGN_STYLE = Automatic;
				INFOPLIST_FILE = ProyectoParcial2/Info.plist;
				LD_RUNPATH_SEARCH_PATHS = (
					"$(inherited)",
					"@executable_path/Frameworks",
				);
				PRODUCT_BUNDLE_IDENTIFIER = edu.ulsa.ProyectoParcial2;
				PRODUCT_NAME = "$(TARGET_NAME)";
				SWIFT_VERSION = 5.0;
				TARGETED_DEVICE_FAMILY = "1,2";
			};
			name = Debug;
		};
		3DC6B72228E5F33700546296 /* Release */ = {
			isa = XCBuildConfiguration;
			buildSettings = {
				ASSETCATALOG_COMPILER_APPICON_NAME = AppIcon;
				CODE_SIGN_STYLE = Automatic;
				INFOPLIST_FILE = ProyectoParcial2/Info.plist;
				LD_RUNPATH_SEARCH_PATHS = (
					"$(inherited)",
					"@executable_path/Frameworks",
				);
				PRODUCT_BUNDLE_IDENTIFIER = edu.ulsa.ProyectoParcial2;
				PRODUCT_NAME = "$(TARGET_NAME)";
				SWIFT_VERSION = 5.0;
				TARGETED_DEVICE_FAMILY = "1,2";
			};
			name = Release;
		};
		3DC6B72428E5F33700546296 /* Debug */ = {
			isa = XCBuildConfiguration;
			buildSettings = {
				ALWAYS_EMBED_SWIFT_STANDARD_LIBRARIES = YES;
				BUNDLE_LOADER = "$(TEST_HOST)";
				CODE_SIGN_STYLE = Automatic;
				INFOPLIST_FILE = ProyectoParcial2Tests/Info.plist;
				LD_RUNPATH_SEARCH_PATHS = (
					"$(inherited)",
					"@executable_path/Frameworks",
					"@loader_path/Frameworks",
				);
				PRODUCT_BUNDLE_IDENTIFIER = edu.ulsa.ProyectoParcial2Tests;
				PRODUCT_NAME = "$(TARGET_NAME)";
				SWIFT_VERSION = 5.0;
				TARGETED_DEVICE_FAMILY = "1,2";
				TEST_HOST = "$(BUILT_PRODUCTS_DIR)/ProyectoParcial2.app/ProyectoParcial2";
			};
			name = Debug;
		};
		3DC6B72528E5F33700546296 /* Release */ = {
			isa = XCBuildConfiguration;
			buildSettings = {
				ALWAYS_EMBED_SWIFT_STANDARD_LIBRARIES = YES;
				BUNDLE_LOADER = "$(TEST_HOST)";
				CODE_SIGN_STYLE = Automatic;
				INFOPLIST_FILE = ProyectoParcial2Tests/Info.plist;
				LD_RUNPATH_SEARCH_PATHS = (
					"$(inherited)",
					"@executable_path/Frameworks",
					"@loader_path/Frameworks",
				);
				PRODUCT_BUNDLE_IDENTIFIER = edu.ulsa.ProyectoParcial2Tests;
				PRODUCT_NAME = "$(TARGET_NAME)";
				SWIFT_VERSION = 5.0;
				TARGETED_DEVICE_FAMILY = "1,2";
				TEST_HOST = "$(BUILT_PRODUCTS_DIR)/ProyectoParcial2.app/ProyectoParcial2";
			};
			name = Release;
		};
		3DC6B72728E5F33700546296 /* Debug */ = {
			isa = XCBuildConfiguration;
			buildSettings = {
				ALWAYS_EMBED_SWIFT_STANDARD_LIBRARIES = YES;
				CODE_SIGN_STYLE = Automatic;
				INFOPLIST_FILE = ProyectoParcial2UITests/Info.plist;
				LD_RUNPATH_SEARCH_PATHS = (
					"$(inherited)",
					"@executable_path/Frameworks",
					"@loader_path/Frameworks",
				);
				PRODUCT_BUNDLE_IDENTIFIER = edu.ulsa.ProyectoParcial2UITests;
				PRODUCT_NAME = "$(TARGET_NAME)";
				SWIFT_VERSION = 5.0;
				TARGETED_DEVICE_FAMILY = "1,2";
				TEST_TARGET_NAME = ProyectoParcial2;
			};
			name = Debug;
		};
		3DC6B72828E5F33700546296 /* Release */ = {
			isa = XCBuildConfiguration;
			buildSettings = {
				ALWAYS_EMBED_SWIFT_STANDARD_LIBRARIES = YES;
				CODE_SIGN_STYLE = Automatic;
				INFOPLIST_FILE = ProyectoParcial2UITests/Info.plist;
				LD_RUNPATH_SEARCH_PATHS = (
					"$(inherited)",
					"@executable_path/Frameworks",
					"@loader_path/Frameworks",
				);
				PRODUCT_BUNDLE_IDENTIFIER = edu.ulsa.ProyectoParcial2UITests;
				PRODUCT_NAME = "$(TARGET_NAME)";
				SWIFT_VERSION = 5.0;
				TARGETED_DEVICE_FAMILY = "1,2";
				TEST_TARGET_NAME = ProyectoParcial2;
			};
			name = Release;
		};
/* End XCBuildConfiguration section */

/* Begin XCConfigurationList section */
		3DC6B6F328E5F32D00546296 /* Build configuration list for PBXProject "ProyectoParcial2" */ = {
			isa = XCConfigurationList;
			buildConfigurations = (
				3DC6B71E28E5F33700546296 /* Debug */,
				3DC6B71F28E5F33700546296 /* Release */,
			);
			defaultConfigurationIsVisible = 0;
			defaultConfigurationName = Release;
		};
		3DC6B72028E5F33700546296 /* Build configuration list for PBXNativeTarget "ProyectoParcial2" */ = {
			isa = XCConfigurationList;
			buildConfigurations = (
				3DC6B72128E5F33700546296 /* Debug */,
				3DC6B72228E5F33700546296 /* Release */,
			);
			defaultConfigurationIsVisible = 0;
			defaultConfigurationName = Release;
		};
		3DC6B72328E5F33700546296 /* Build configuration list for PBXNativeTarget "ProyectoParcial2Tests" */ = {
			isa = XCConfigurationList;
			buildConfigurations = (
				3DC6B72428E5F33700546296 /* Debug */,
				3DC6B72528E5F33700546296 /* Release */,
			);
			defaultConfigurationIsVisible = 0;
			defaultConfigurationName = Release;
		};
		3DC6B72628E5F33700546296 /* Build configuration list for PBXNativeTarget "ProyectoParcial2UITests" */ = {
			isa = XCConfigurationList;
			buildConfigurations = (
				3DC6B72728E5F33700546296 /* Debug */,
				3DC6B72828E5F33700546296 /* Release */,
			);
			defaultConfigurationIsVisible = 0;
			defaultConfigurationName = Release;
		};
/* End XCConfigurationList section */
	};
	rootObject = 3DC6B6F028E5F32D00546296 /* Project object */;
}
